{
  "name": "iced-monorepo",
  "lockfileVersion": 3,
  "requires": true,
  "packages": {
    "": {
      "name": "iced-monorepo",
      "license": "MIT",
      "workspaces": [
        "packages/iced-core",
        "packages/pi-intent"
      ],
      "engines": {
        "node": ">=20"
      }
    },
    "node_modules/@arturleao/iced-core": {
      "resolved": "packages/iced-core",
      "link": true
    },
    "node_modules/@arturleao/pi-intent": {
      "resolved": "packages/pi-intent",
      "link": true
    },
    "packages/iced-core": {
      "name": "@arturleao/iced-core",
      "version": "0.1.1",
      "license": "MIT",
      "engines": {
        "node": ">=20"
      }
    },
    "packages/pi-intent": {
      "name": "@arturleao/pi-intent",
      "version": "0.1.1",
      "license": "MIT",
      "dependencies": {
        "@arturleao/iced-core": "^0.1.1"
      },
      "engines": {
        "node": ">=20"
      },
      "peerDependencies": {
        "@earendil-works/pi-coding-agent": "*",
        "@earendil-works/pi-tui": "*",
        "typebox": "*"
      }
    }
  }
}
